// !$*UTF8*$!
{
	archiveVersion = 1;
	classes = {
	};
	objectVersion = 50;
	objects = {

/* Begin PBXBuildFile section */
		4510BBDF25C635D50032C7EF /* Editbar.swift in Sources */ = {isa = PBXBuildFile; fileRef = 4510BBDE25C635D50032C7EF /* Editbar.swift */; };
		4510BBE325C63E670032C7EF /* PreviewScreen.swift in Sources */ = {isa = PBXBuildFile; fileRef = 4510BBE225C63E670032C7EF /* PreviewScreen.swift */; };
		4510BBE725C641770032C7EF /* BrushScreen.swift in Sources */ = {isa = PBXBuildFile; fileRef = 4510BBE625C641770032C7EF /* BrushScreen.swift */; };
		4510BBEB25C6418D0032C7EF /* TextScreen.swift in Sources */ = {isa = PBXBuildFile; fileRef = 4510BBEA25C6418D0032C7EF /* TextScreen.swift */; };
		453C4D1026A51ECA008EDED9 /* BlurStrengthScreen.swift in Sources */ = {isa = PBXBuildFile; fileRef = 453C4D0F26A51ECA008EDED9 /* BlurStrengthScreen.swift */; };
		453C4D1226A51FE0008EDED9 /* BlurStyleScreen.swift in Sources */ = {isa = PBXBuildFile; fileRef = 453C4D1126A51FE0008EDED9 /* BlurStyleScreen.swift */; };
		453C4D1426A52031008EDED9 /* TextAdjustmentsScreen.swift in Sources */ = {isa = PBXBuildFile; fileRef = 453C4D1326A52031008EDED9 /* TextAdjustmentsScreen.swift */; };
		453C4D1626A5205F008EDED9 /* TextAdjustmentsScreen.swift in Sources */ = {isa = PBXBuildFile; fileRef = 453C4D1526A5205F008EDED9 /* TextAdjustmentsScreen.swift */; };
		453C4D1926A52116008EDED9 /* AddMoreInfoScreen.swift in Sources */ = {isa = PBXBuildFile; fileRef = 453C4D1726A5208A008EDED9 /* AddMoreInfoScreen.swift */; };
		454A2FA825C5B52500DB555B /* DatapixApp.swift in Sources */ = {isa = PBXBuildFile; fileRef = 454A2F9525C5B52300DB555B /* DatapixApp.swift */; };
		454A2FA925C5B52500DB555B /* DatapixApp.swift in Sources */ = {isa = PBXBuildFile; fileRef = 454A2F9525C5B52300DB555B /* DatapixApp.swift */; };
		454A2FB925C5B76F00DB555B /* Sidebar.swift in Sources */ = {isa = PBXBuildFile; fileRef = 454A2FB825C5B76F00DB555B /* Sidebar.swift */; };
		454A2FBD25C5B8A800DB555B /* HomeScreen.swift in Sources */ = {isa = PBXBuildFile; fileRef = 454A2FBC25C5B8A800DB555B /* HomeScreen.swift */; };
		454A2FC825C5B93B00DB555B /* Constants.swift in Sources */ = {isa = PBXBuildFile; fileRef = 454A2FC725C5B93B00DB555B /* Constants.swift */; };
		454A2FD625C5B95A00DB555B /* ImagePicker.swift in Sources */ = {isa = PBXBuildFile; fileRef = 454A2FCF25C5B95A00DB555B /* ImagePicker.swift */; };
		454A2FDA25C5B95A00DB555B /* UserSettings.swift in Sources */ = {isa = PBXBuildFile; fileRef = 454A2FD125C5B95A00DB555B /* UserSettings.swift */; };
		454A2FDB25C5B95A00DB555B /* UserSettings.swift in Sources */ = {isa = PBXBuildFile; fileRef = 454A2FD125C5B95A00DB555B /* UserSettings.swift */; };
		454A2FE825C5B96300DB555B /* CardView.swift in Sources */ = {isa = PBXBuildFile; fileRef = 454A2FE125C5B96300DB555B /* CardView.swift */; };
		454A2FEC25C5B96300DB555B /* BottomSheetView.swift in Sources */ = {isa = PBXBuildFile; fileRef = 454A2FE325C5B96300DB555B /* BottomSheetView.swift */; };
		454A300025C5BA0D00DB555B /* SettingsScreen.swift in Sources */ = {isa = PBXBuildFile; fileRef = 454A2FF925C5BA0D00DB555B /* SettingsScreen.swift */; };
		454A300225C5BA0D00DB555B /* BlurStrengthScreen.swift in Sources */ = {isa = PBXBuildFile; fileRef = 454A2FFA25C5BA0D00DB555B /* BlurStrengthScreen.swift */; };
		454A300625C5BA0D00DB555B /* PreviewScreen.swift in Sources */ = {isa = PBXBuildFile; fileRef = 454A2FFC25C5BA0D00DB555B /* PreviewScreen.swift */; };
		454A300825C5BA0D00DB555B /* AddMoreInfoScreen.swift in Sources */ = {isa = PBXBuildFile; fileRef = 454A2FFD25C5BA0D00DB555B /* AddMoreInfoScreen.swift */; };
		454A300C25C5BA0D00DB555B /* BlurStyleScreen.swift in Sources */ = {isa = PBXBuildFile; fileRef = 454A2FFF25C5BA0D00DB555B /* BlurStyleScreen.swift */; };
		454A301F25C5BCFB00DB555B /* Assets.xcassets in Resources */ = {isa = PBXBuildFile; fileRef = 454A301E25C5BCFB00DB555B /* Assets.xcassets */; };
		454A302025C5BCFB00DB555B /* Assets.xcassets in Resources */ = {isa = PBXBuildFile; fileRef = 454A301E25C5BCFB00DB555B /* Assets.xcassets */; };
		45776DFF26A61F6100BA284B /* BlurStyleCheckBox.swift in Sources */ = {isa = PBXBuildFile; fileRef = 45776DFE26A61F6100BA284B /* BlurStyleCheckBox.swift */; };
		45776E0026A61F6100BA284B /* BlurStyleCheckBox.swift in Sources */ = {isa = PBXBuildFile; fileRef = 45776DFE26A61F6100BA284B /* BlurStyleCheckBox.swift */; };
/* End PBXBuildFile section */

/* Begin PBXFileReference section */
		4510BBDE25C635D50032C7EF /* Editbar.swift */ = {isa = PBXFileReference; lastKnownFileType = sourcecode.swift; path = Editbar.swift; sourceTree = "<group>"; };
		4510BBE225C63E670032C7EF /* PreviewScreen.swift */ = {isa = PBXFileReference; lastKnownFileType = sourcecode.swift; path = PreviewScreen.swift; sourceTree = "<group>"; };
		4510BBE625C641770032C7EF /* BrushScreen.swift */ = {isa = PBXFileReference; lastKnownFileType = sourcecode.swift; path = BrushScreen.swift; sourceTree = "<group>"; };
		4510BBEA25C6418D0032C7EF /* TextScreen.swift */ = {isa = PBXFileReference; lastKnownFileType = sourcecode.swift; path = TextScreen.swift; sourceTree = "<group>"; };
		453C4D0F26A51ECA008EDED9 /* BlurStrengthScreen.swift */ = {isa = PBXFileReference; lastKnownFileType = sourcecode.swift; path = BlurStrengthScreen.swift; sourceTree = "<group>"; };
		453C4D1126A51FE0008EDED9 /* BlurStyleScreen.swift */ = {isa = PBXFileReference; lastKnownFileType = sourcecode.swift; path = BlurStyleScreen.swift; sourceTree = "<group>"; };
		453C4D1326A52031008EDED9 /* TextAdjustmentsScreen.swift */ = {isa = PBXFileReference; fileEncoding = 4; lastKnownFileType = sourcecode.swift; path = TextAdjustmentsScreen.swift; sourceTree = "<group>"; };
		453C4D1526A5205F008EDED9 /* TextAdjustmentsScreen.swift */ = {isa = PBXFileReference; lastKnownFileType = sourcecode.swift; path = TextAdjustmentsScreen.swift; sourceTree = "<group>"; };
		453C4D1726A5208A008EDED9 /* AddMoreInfoScreen.swift */ = {isa = PBXFileReference; lastKnownFileType = sourcecode.swift; path = AddMoreInfoScreen.swift; sourceTree = "<group>"; };
		454A2F9525C5B52300DB555B /* DatapixApp.swift */ = {isa = PBXFileReference; lastKnownFileType = sourcecode.swift; path = DatapixApp.swift; sourceTree = "<group>"; };
		454A2F9C25C5B52500DB555B /* Datapix.app */ = {isa = PBXFileReference; explicitFileType = wrapper.application; includeInIndex = 0; path = Datapix.app; sourceTree = BUILT_PRODUCTS_DIR; };
		454A2F9F25C5B52500DB555B /* Info.plist */ = {isa = PBXFileReference; lastKnownFileType = text.plist.xml; path = Info.plist; sourceTree = "<group>"; };
		454A2FA425C5B52500DB555B /* Datapix.app */ = {isa = PBXFileReference; explicitFileType = wrapper.application; includeInIndex = 0; path = Datapix.app; sourceTree = BUILT_PRODUCTS_DIR; };
		454A2FA625C5B52500DB555B /* Info.plist */ = {isa = PBXFileReference; lastKnownFileType = text.plist.xml; path = Info.plist; sourceTree = "<group>"; };
		454A2FA725C5B52500DB555B /* macOS.entitlements */ = {isa = PBXFileReference; lastKnownFileType = text.plist.entitlements; path = macOS.entitlements; sourceTree = "<group>"; };
		454A2FB825C5B76F00DB555B /* Sidebar.swift */ = {isa = PBXFileReference; lastKnownFileType = sourcecode.swift; path = Sidebar.swift; sourceTree = "<group>"; };
		454A2FBC25C5B8A800DB555B /* HomeScreen.swift */ = {isa = PBXFileReference; lastKnownFileType = sourcecode.swift; path = HomeScreen.swift; sourceTree = "<group>"; };
		454A2FC725C5B93B00DB555B /* Constants.swift */ = {isa = PBXFileReference; fileEncoding = 4; lastKnownFileType = sourcecode.swift; path = Constants.swift; sourceTree = "<group>"; };
		454A2FCF25C5B95A00DB555B /* ImagePicker.swift */ = {isa = PBXFileReference; fileEncoding = 4; lastKnownFileType = sourcecode.swift; path = ImagePicker.swift; sourceTree = "<group>"; };
		454A2FD125C5B95A00DB555B /* UserSettings.swift */ = {isa = PBXFileReference; fileEncoding = 4; lastKnownFileType = sourcecode.swift; path = UserSettings.swift; sourceTree = "<group>"; };
		454A2FE125C5B96300DB555B /* CardView.swift */ = {isa = PBXFileReference; fileEncoding = 4; lastKnownFileType = sourcecode.swift; path = CardView.swift; sourceTree = "<group>"; };
		454A2FE325C5B96300DB555B /* BottomSheetView.swift */ = {isa = PBXFileReference; fileEncoding = 4; lastKnownFileType = sourcecode.swift; path = BottomSheetView.swift; sourceTree = "<group>"; };
		454A2FF925C5BA0D00DB555B /* SettingsScreen.swift */ = {isa = PBXFileReference; fileEncoding = 4; lastKnownFileType = sourcecode.swift; path = SettingsScreen.swift; sourceTree = "<group>"; };
		454A2FFA25C5BA0D00DB555B /* BlurStrengthScreen.swift */ = {isa = PBXFileReference; fileEncoding = 4; lastKnownFileType = sourcecode.swift; path = BlurStrengthScreen.swift; sourceTree = "<group>"; };
		454A2FFC25C5BA0D00DB555B /* PreviewScreen.swift */ = {isa = PBXFileReference; fileEncoding = 4; lastKnownFileType = sourcecode.swift; path = PreviewScreen.swift; sourceTree = "<group>"; };
		454A2FFD25C5BA0D00DB555B /* AddMoreInfoScreen.swift */ = {isa = PBXFileReference; fileEncoding = 4; lastKnownFileType = sourcecode.swift; path = AddMoreInfoScreen.swift; sourceTree = "<group>"; };
		454A2FFF25C5BA0D00DB555B /* BlurStyleScreen.swift */ = {isa = PBXFileReference; fileEncoding = 4; lastKnownFileType = sourcecode.swift; path = BlurStyleScreen.swift; sourceTree = "<group>"; };
		454A301E25C5BCFB00DB555B /* Assets.xcassets */ = {isa = PBXFileReference; lastKnownFileType = folder.assetcatalog; path = Assets.xcassets; sourceTree = "<group>"; };
		45776DFE26A61F6100BA284B /* BlurStyleCheckBox.swift */ = {isa = PBXFileReference; fileEncoding = 4; lastKnownFileType = sourcecode.swift; path = BlurStyleCheckBox.swift; sourceTree = "<group>"; };
/* End PBXFileReference section */

/* Begin PBXFrameworksBuildPhase section */
		454A2F9925C5B52500DB555B /* Frameworks */ = {
			isa = PBXFrameworksBuildPhase;
			buildActionMask = 2147483647;
			files = (
			);
			runOnlyForDeploymentPostprocessing = 0;
		};
		454A2FA125C5B52500DB555B /* Frameworks */ = {
			isa = PBXFrameworksBuildPhase;
			buildActionMask = 2147483647;
			files = (
			);
			runOnlyForDeploymentPostprocessing = 0;
		};
/* End PBXFrameworksBuildPhase section */

/* Begin PBXGroup section */
		454A2F8F25C5B52300DB555B = {
			isa = PBXGroup;
			children = (
				454A2F9425C5B52300DB555B /* Shared */,
				454A2F9E25C5B52500DB555B /* iOS */,
				454A2FA525C5B52500DB555B /* macOS */,
				454A2F9D25C5B52500DB555B /* Products */,
			);
			sourceTree = "<group>";
		};
		454A2F9425C5B52300DB555B /* Shared */ = {
			isa = PBXGroup;
			children = (
				45776DFE26A61F6100BA284B /* BlurStyleCheckBox.swift */,
				454A2FCC25C5B95A00DB555B /* Utilities */,
				454A2F9525C5B52300DB555B /* DatapixApp.swift */,
				454A301E25C5BCFB00DB555B /* Assets.xcassets */,
			);
			path = Shared;
			sourceTree = "<group>";
		};
		454A2F9D25C5B52500DB555B /* Products */ = {
			isa = PBXGroup;
			children = (
				454A2F9C25C5B52500DB555B /* Datapix.app */,
				454A2FA425C5B52500DB555B /* Datapix.app */,
			);
			name = Products;
			sourceTree = "<group>";
		};
		454A2F9E25C5B52500DB555B /* iOS */ = {
			isa = PBXGroup;
			children = (
				454A2F9F25C5B52500DB555B /* Info.plist */,
				454A2FE125C5B96300DB555B /* CardView.swift */,
				454A2FE325C5B96300DB555B /* BottomSheetView.swift */,
				454A2FC725C5B93B00DB555B /* Constants.swift */,
				454A2FFF25C5BA0D00DB555B /* BlurStyleScreen.swift */,
				453C4D1526A5205F008EDED9 /* TextAdjustmentsScreen.swift */,
				454A2FFD25C5BA0D00DB555B /* AddMoreInfoScreen.swift */,
				454A2FFA25C5BA0D00DB555B /* BlurStrengthScreen.swift */,
				454A2FF925C5BA0D00DB555B /* SettingsScreen.swift */,
				454A2FFC25C5BA0D00DB555B /* PreviewScreen.swift */,
				454A2FBC25C5B8A800DB555B /* HomeScreen.swift */,
			);
			path = iOS;
			sourceTree = "<group>";
		};
		454A2FA525C5B52500DB555B /* macOS */ = {
			isa = PBXGroup;
			children = (
				454A2FA625C5B52500DB555B /* Info.plist */,
				454A2FA725C5B52500DB555B /* macOS.entitlements */,
				453C4D1326A52031008EDED9 /* TextAdjustmentsScreen.swift */,
				4510BBE625C641770032C7EF /* BrushScreen.swift */,
				453C4D1726A5208A008EDED9 /* AddMoreInfoScreen.swift */,
				453C4D1126A51FE0008EDED9 /* BlurStyleScreen.swift */,
				453C4D0F26A51ECA008EDED9 /* BlurStrengthScreen.swift */,
				4510BBEA25C6418D0032C7EF /* TextScreen.swift */,
				4510BBE225C63E670032C7EF /* PreviewScreen.swift */,
				4510BBDE25C635D50032C7EF /* Editbar.swift */,
				454A2FB825C5B76F00DB555B /* Sidebar.swift */,
			);
			path = macOS;
			sourceTree = "<group>";
		};
		454A2FCC25C5B95A00DB555B /* Utilities */ = {
			isa = PBXGroup;
			children = (
				454A2FCF25C5B95A00DB555B /* ImagePicker.swift */,
				454A2FD125C5B95A00DB555B /* UserSettings.swift */,
			);
			path = Utilities;
			sourceTree = "<group>";
		};
/* End PBXGroup section */

/* Begin PBXNativeTarget section */
		454A2F9B25C5B52500DB555B /* Datapix (iOS) */ = {
			isa = PBXNativeTarget;
			buildConfigurationList = 454A2FB025C5B52500DB555B /* Build configuration list for PBXNativeTarget "Datapix (iOS)" */;
			buildPhases = (
				454A2F9825C5B52500DB555B /* Sources */,
				454A2F9925C5B52500DB555B /* Frameworks */,
				454A2F9A25C5B52500DB555B /* Resources */,
			);
			buildRules = (
			);
			dependencies = (
			);
			name = "Datapix (iOS)";
			productName = "Datapix (iOS)";
			productReference = 454A2F9C25C5B52500DB555B /* Datapix.app */;
			productType = "com.apple.product-type.application";
		};
		454A2FA325C5B52500DB555B /* Datapix (macOS) */ = {
			isa = PBXNativeTarget;
			buildConfigurationList = 454A2FB325C5B52500DB555B /* Build configuration list for PBXNativeTarget "Datapix (macOS)" */;
			buildPhases = (
				454A2FA025C5B52500DB555B /* Sources */,
				454A2FA125C5B52500DB555B /* Frameworks */,
				454A2FA225C5B52500DB555B /* Resources */,
			);
			buildRules = (
			);
			dependencies = (
			);
			name = "Datapix (macOS)";
			productName = "Datapix (macOS)";
			productReference = 454A2FA425C5B52500DB555B /* Datapix.app */;
			productType = "com.apple.product-type.application";
		};
/* End PBXNativeTarget section */

/* Begin PBXProject section */
		454A2F9025C5B52300DB555B /* Project object */ = {
			isa = PBXProject;
			attributes = {
				LastSwiftUpdateCheck = 1240;
				LastUpgradeCheck = 1300;
				TargetAttributes = {
					454A2F9B25C5B52500DB555B = {
						CreatedOnToolsVersion = 12.4;
					};
					454A2FA325C5B52500DB555B = {
						CreatedOnToolsVersion = 12.4;
					};
				};
			};
			buildConfigurationList = 454A2F9325C5B52300DB555B /* Build configuration list for PBXProject "Datapix" */;
			compatibilityVersion = "Xcode 9.3";
			developmentRegion = en;
			hasScannedForEncodings = 0;
			knownRegions = (
				en,
				Base,
			);
			mainGroup = 454A2F8F25C5B52300DB555B;
			productRefGroup = 454A2F9D25C5B52500DB555B /* Products */;
			projectDirPath = "";
			projectRoot = "";
			targets = (
				454A2F9B25C5B52500DB555B /* Datapix (iOS) */,
				454A2FA325C5B52500DB555B /* Datapix (macOS) */,
			);
		};
/* End PBXProject section */

/* Begin PBXResourcesBuildPhase section */
		454A2F9A25C5B52500DB555B /* Resources */ = {
			isa = PBXResourcesBuildPhase;
			buildActionMask = 2147483647;
			files = (
				454A301F25C5BCFB00DB555B /* Assets.xcassets in Resources */,
			);
			runOnlyForDeploymentPostprocessing = 0;
		};
		454A2FA225C5B52500DB555B /* Resources */ = {
			isa = PBXResourcesBuildPhase;
			buildActionMask = 2147483647;
			files = (
				454A302025C5BCFB00DB555B /* Assets.xcassets in Resources */,
			);
			runOnlyForDeploymentPostprocessing = 0;
		};
/* End PBXResourcesBuildPhase section */

/* Begin PBXSourcesBuildPhase section */
		454A2F9825C5B52500DB555B /* Sources */ = {
			isa = PBXSourcesBuildPhase;
			buildActionMask = 2147483647;
			files = (
				454A2FC825C5B93B00DB555B /* Constants.swift in Sources */,
				454A2FD625C5B95A00DB555B /* ImagePicker.swift in Sources */,
				453C4D1626A5205F008EDED9 /* TextAdjustmentsScreen.swift in Sources */,
				454A2FDA25C5B95A00DB555B /* UserSettings.swift in Sources */,
				454A300C25C5BA0D00DB555B /* BlurStyleScreen.swift in Sources */,
				45776DFF26A61F6100BA284B /* BlurStyleCheckBox.swift in Sources */,
				454A2FA825C5B52500DB555B /* DatapixApp.swift in Sources */,
				454A2FBD25C5B8A800DB555B /* HomeScreen.swift in Sources */,
				454A300625C5BA0D00DB555B /* PreviewScreen.swift in Sources */,
				454A300225C5BA0D00DB555B /* BlurStrengthScreen.swift in Sources */,
				454A300025C5BA0D00DB555B /* SettingsScreen.swift in Sources */,
				454A300825C5BA0D00DB555B /* AddMoreInfoScreen.swift in Sources */,
				454A2FE825C5B96300DB555B /* CardView.swift in Sources */,
				454A2FEC25C5B96300DB555B /* BottomSheetView.swift in Sources */,
			);
			runOnlyForDeploymentPostprocessing = 0;
		};
		454A2FA025C5B52500DB555B /* Sources */ = {
			isa = PBXSourcesBuildPhase;
			buildActionMask = 2147483647;
			files = (
				453C4D1026A51ECA008EDED9 /* BlurStrengthScreen.swift in Sources */,
				453C4D1426A52031008EDED9 /* TextAdjustmentsScreen.swift in Sources */,
				454A2FB925C5B76F00DB555B /* Sidebar.swift in Sources */,
				4510BBE325C63E670032C7EF /* PreviewScreen.swift in Sources */,
				454A2FA925C5B52500DB555B /* DatapixApp.swift in Sources */,
				4510BBEB25C6418D0032C7EF /* TextScreen.swift in Sources */,
				453C4D1926A52116008EDED9 /* AddMoreInfoScreen.swift in Sources */,
				454A2FDB25C5B95A00DB555B /* UserSettings.swift in Sources */,
				4510BBDF25C635D50032C7EF /* Editbar.swift in Sources */,
				4510BBE725C641770032C7EF /* BrushScreen.swift in Sources */,
				453C4D1226A51FE0008EDED9 /* BlurStyleScreen.swift in Sources */,
				45776E0026A61F6100BA284B /* BlurStyleCheckBox.swift in Sources */,
			);
			runOnlyForDeploymentPostprocessing = 0;
		};
/* End PBXSourcesBuildPhase section */

/* Begin XCBuildConfiguration section */
		454A2FAE25C5B52500DB555B /* Debug */ = {
			isa = XCBuildConfiguration;
			buildSettings = {
				ALWAYS_SEARCH_USER_PATHS = NO;
				CLANG_ANALYZER_NONNULL = YES;
				CLANG_ANALYZER_NUMBER_OBJECT_CONVERSION = YES_AGGRESSIVE;
				CLANG_CXX_LANGUAGE_STANDARD = "gnu++14";
				CLANG_CXX_LIBRARY = "libc++";
				CLANG_ENABLE_MODULES = YES;
				CLANG_ENABLE_OBJC_ARC = YES;
				CLANG_ENABLE_OBJC_WEAK = YES;
				CLANG_WARN_BLOCK_CAPTURE_AUTORELEASING = YES;
				CLANG_WARN_BOOL_CONVERSION = YES;
				CLANG_WARN_COMMA = YES;
				CLANG_WARN_CONSTANT_CONVERSION = YES;
				CLANG_WARN_DEPRECATED_OBJC_IMPLEMENTATIONS = YES;
				CLANG_WARN_DIRECT_OBJC_ISA_USAGE = YES_ERROR;
				CLANG_WARN_DOCUMENTATION_COMMENTS = YES;
				CLANG_WARN_EMPTY_BODY = YES;
				CLANG_WARN_ENUM_CONVERSION = YES;
				CLANG_WARN_INFINITE_RECURSION = YES;
				CLANG_WARN_INT_CONVERSION = YES;
				CLANG_WARN_NON_LITERAL_NULL_CONVERSION = YES;
				CLANG_WARN_OBJC_IMPLICIT_RETAIN_SELF = YES;
				CLANG_WARN_OBJC_LITERAL_CONVERSION = YES;
				CLANG_WARN_OBJC_ROOT_CLASS = YES_ERROR;
				CLANG_WARN_QUOTED_INCLUDE_IN_FRAMEWORK_HEADER = YES;
				CLANG_WARN_RANGE_LOOP_ANALYSIS = YES;
				CLANG_WARN_STRICT_PROTOTYPES = YES;
				CLANG_WARN_SUSPICIOUS_MOVE = YES;
				CLANG_WARN_UNGUARDED_AVAILABILITY = YES_AGGRESSIVE;
				CLANG_WARN_UNREACHABLE_CODE = YES;
				CLANG_WARN__DUPLICATE_METHOD_MATCH = YES;
				COPY_PHASE_STRIP = NO;
				DEBUG_INFORMATION_FORMAT = dwarf;
				ENABLE_STRICT_OBJC_MSGSEND = YES;
				ENABLE_TESTABILITY = YES;
				GCC_C_LANGUAGE_STANDARD = gnu11;
				GCC_DYNAMIC_NO_PIC = NO;
				GCC_NO_COMMON_BLOCKS = YES;
				GCC_OPTIMIZATION_LEVEL = 0;
				GCC_PREPROCESSOR_DEFINITIONS = (
					"DEBUG=1",
					"$(inherited)",
				);
				GCC_WARN_64_TO_32_BIT_CONVERSION = YES;
				GCC_WARN_ABOUT_RETURN_TYPE = YES_ERROR;
				GCC_WARN_UNDECLARED_SELECTOR = YES;
				GCC_WARN_UNINITIALIZED_AUTOS = YES_AGGRESSIVE;
				GCC_WARN_UNUSED_FUNCTION = YES;
				GCC_WARN_UNUSED_VARIABLE = YES;
				IPHONEOS_DEPLOYMENT_TARGET = 14.1;
				MACOSX_DEPLOYMENT_TARGET = 11.0;
				MTL_ENABLE_DEBUG_INFO = INCLUDE_SOURCE;
				MTL_FAST_MATH = YES;
				ONLY_ACTIVE_ARCH = YES;
				SWIFT_ACTIVE_COMPILATION_CONDITIONS = DEBUG;
				SWIFT_OPTIMIZATION_LEVEL = "-Onone";
			};
			name = Debug;
		};
		454A2FAF25C5B52500DB555B /* Release */ = {
			isa = XCBuildConfiguration;
			buildSettings = {
				ALWAYS_SEARCH_USER_PATHS = NO;
				CLANG_ANALYZER_NONNULL = YES;
				CLANG_ANALYZER_NUMBER_OBJECT_CONVERSION = YES_AGGRESSIVE;
				CLANG_CXX_LANGUAGE_STANDARD = "gnu++14";
				CLANG_CXX_LIBRARY = "libc++";
				CLANG_ENABLE_MODULES = YES;
				CLANG_ENABLE_OBJC_ARC = YES;
				CLANG_ENABLE_OBJC_WEAK = YES;
				CLANG_WARN_BLOCK_CAPTURE_AUTORELEASING = YES;
				CLANG_WARN_BOOL_CONVERSION = YES;
				CLANG_WARN_COMMA = YES;
				CLANG_WARN_CONSTANT_CONVERSION = YES;
				CLANG_WARN_DEPRECATED_OBJC_IMPLEMENTATIONS = YES;
				CLANG_WARN_DIRECT_OBJC_ISA_USAGE = YES_ERROR;
				CLANG_WARN_DOCUMENTATION_COMMENTS = YES;
				CLANG_WARN_EMPTY_BODY = YES;
				CLANG_WARN_ENUM_CONVERSION = YES;
				CLANG_WARN_INFINITE_RECURSION = YES;
				CLANG_WARN_INT_CONVERSION = YES;
				CLANG_WARN_NON_LITERAL_NULL_CONVERSION = YES;
				CLANG_WARN_OBJC_IMPLICIT_RETAIN_SELF = YES;
				CLANG_WARN_OBJC_LITERAL_CONVERSION = YES;
				CLANG_WARN_OBJC_ROOT_CLASS = YES_ERROR;
				CLANG_WARN_QUOTED_INCLUDE_IN_FRAMEWORK_HEADER = YES;
				CLANG_WARN_RANGE_LOOP_ANALYSIS = YES;
				CLANG_WARN_STRICT_PROTOTYPES = YES;
				CLANG_WARN_SUSPICIOUS_MOVE = YES;
				CLANG_WARN_UNGUARDED_AVAILABILITY = YES_AGGRESSIVE;
				CLANG_WARN_UNREACHABLE_CODE = YES;
				CLANG_WARN__DUPLICATE_METHOD_MATCH = YES;
				COPY_PHASE_STRIP = NO;
				DEBUG_INFORMATION_FORMAT = "dwarf-with-dsym";
				ENABLE_NS_ASSERTIONS = NO;
				ENABLE_STRICT_OBJC_MSGSEND = YES;
				GCC_C_LANGUAGE_STANDARD = gnu11;
				GCC_NO_COMMON_BLOCKS = YES;
				GCC_WARN_64_TO_32_BIT_CONVERSION = YES;
				GCC_WARN_ABOUT_RETURN_TYPE = YES_ERROR;
				GCC_WARN_UNDECLARED_SELECTOR = YES;
				GCC_WARN_UNINITIALIZED_AUTOS = YES_AGGRESSIVE;
				GCC_WARN_UNUSED_FUNCTION = YES;
				GCC_WARN_UNUSED_VARIABLE = YES;
				IPHONEOS_DEPLOYMENT_TARGET = 14.1;
				MACOSX_DEPLOYMENT_TARGET = 11.0;
				MTL_ENABLE_DEBUG_INFO = NO;
				MTL_FAST_MATH = YES;
				SWIFT_COMPILATION_MODE = wholemodule;
				SWIFT_OPTIMIZATION_LEVEL = "-O";
			};
			name = Release;
		};
		454A2FB125C5B52500DB555B /* Debug */ = {
			isa = XCBuildConfiguration;
			buildSettings = {
				ASSETCATALOG_COMPILER_APPICON_NAME = AppIcon;
				ASSETCATALOG_COMPILER_GLOBAL_ACCENT_COLOR_NAME = AccentColor;
				CODE_SIGN_STYLE = Automatic;
				CURRENT_PROJECT_VERSION = 1;
				DEVELOPMENT_TEAM = HJXYY5247H;
				ENABLE_PREVIEWS = YES;
				INFOPLIST_FILE = iOS/Info.plist;
				IPHONEOS_DEPLOYMENT_TARGET = 14.0;
				LD_RUNPATH_SEARCH_PATHS = (
					"$(inherited)",
					"@executable_path/Frameworks",
				);
				MARKETING_VERSION = 2.1;
				PRODUCT_BUNDLE_IDENTIFIER = com.tadreik.Datapix;
				PRODUCT_NAME = Datapix;
				SDKROOT = iphoneos;
				SWIFT_VERSION = 5.0;
				TARGETED_DEVICE_FAMILY = 1;
			};
			name = Debug;
		};
		454A2FB225C5B52500DB555B /* Release */ = {
			isa = XCBuildConfiguration;
			buildSettings = {
				ASSETCATALOG_COMPILER_APPICON_NAME = AppIcon;
				ASSETCATALOG_COMPILER_GLOBAL_ACCENT_COLOR_NAME = AccentColor;
				CODE_SIGN_STYLE = Automatic;
				CURRENT_PROJECT_VERSION = 1;
				DEVELOPMENT_TEAM = HJXYY5247H;
				ENABLE_PREVIEWS = YES;
				INFOPLIST_FILE = iOS/Info.plist;
				IPHONEOS_DEPLOYMENT_TARGET = 14.0;
				LD_RUNPATH_SEARCH_PATHS = (
					"$(inherited)",
					"@executable_path/Frameworks",
				);
				MARKETING_VERSION = 2.1;
				PRODUCT_BUNDLE_IDENTIFIER = com.tadreik.Datapix;
				PRODUCT_NAME = Datapix;
				SDKROOT = iphoneos;
				SWIFT_VERSION = 5.0;
				TARGETED_DEVICE_FAMILY = 1;
				VALIDATE_PRODUCT = YES;
			};
			name = Release;
		};
		454A2FB425C5B52500DB555B /* Debug */ = {
			isa = XCBuildConfiguration;
			buildSettings = {
				ASSETCATALOG_COMPILER_APPICON_NAME = AppIcon;
				ASSETCATALOG_COMPILER_GLOBAL_ACCENT_COLOR_NAME = AccentColor;
				CODE_SIGN_ENTITLEMENTS = macOS/macOS.entitlements;
				CODE_SIGN_IDENTITY = "-";
				CODE_SIGN_STYLE = Automatic;
				COMBINE_HIDPI_IMAGES = YES;
				DEVELOPMENT_TEAM = HJXYY5247H;
				ENABLE_HARDENED_RUNTIME = YES;
				ENABLE_PREVIEWS = YES;
				INFOPLIST_FILE = macOS/Info.plist;
				LD_RUNPATH_SEARCH_PATHS = (
					"$(inherited)",
					"@executable_path/../Frameworks",
				);
				MACOSX_DEPLOYMENT_TARGET = 11.0;
				PRODUCT_BUNDLE_IDENTIFIER = com.tadreik.Datapix;
				PRODUCT_NAME = Datapix;
				SDKROOT = macosx;
				SWIFT_VERSION = 5.0;
			};
			name = Debug;
		};
		454A2FB525C5B52500DB555B /* Release */ = {
			isa = XCBuildConfiguration;
			buildSettings = {
				ASSETCATALOG_COMPILER_APPICON_NAME = AppIcon;
				ASSETCATALOG_COMPILER_GLOBAL_ACCENT_COLOR_NAME = AccentColor;
				CODE_SIGN_ENTITLEMENTS = macOS/macOS.entitlements;
				CODE_SIGN_IDENTITY = "-";
				CODE_SIGN_STYLE = Automatic;
				COMBINE_HIDPI_IMAGES = YES;
				DEVELOPMENT_TEAM = HJXYY5247H;
				ENABLE_HARDENED_RUNTIME = YES;
				ENABLE_PREVIEWS = YES;
				INFOPLIST_FILE = macOS/Info.plist;
				LD_RUNPATH_SEARCH_PATHS = (
					"$(inherited)",
					"@executable_path/../Frameworks",
				);
				MACOSX_DEPLOYMENT_TARGET = 11.0;
				PRODUCT_BUNDLE_IDENTIFIER = com.tadreik.Datapix;
				PRODUCT_NAME = Datapix;
				SDKROOT = macosx;
				SWIFT_VERSION = 5.0;
			};
			name = Release;
		};
/* End XCBuildConfiguration section */

/* Begin XCConfigurationList section */
		454A2F9325C5B52300DB555B /* Build configuration list for PBXProject "Datapix" */ = {
			isa = XCConfigurationList;
			buildConfigurations = (
				454A2FAE25C5B52500DB555B /* Debug */,
				454A2FAF25C5B52500DB555B /* Release */,
			);
			defaultConfigurationIsVisible = 0;
			defaultConfigurationName = Release;
		};
		454A2FB025C5B52500DB555B /* Build configuration list for PBXNativeTarget "Datapix (iOS)" */ = {
			isa = XCConfigurationList;
			buildConfigurations = (
				454A2FB125C5B52500DB555B /* Debug */,
				454A2FB225C5B52500DB555B /* Release */,
			);
			defaultConfigurationIsVisible = 0;
			defaultConfigurationName = Release;
		};
		454A2FB325C5B52500DB555B /* Build configuration list for PBXNativeTarget "Datapix (macOS)" */ = {
			isa = XCConfigurationList;
			buildConfigurations = (
				454A2FB425C5B52500DB555B /* Debug */,
				454A2FB525C5B52500DB555B /* Release */,
			);
			defaultConfigurationIsVisible = 0;
			defaultConfigurationName = Release;
		};
/* End XCConfigurationList section */
	};
	rootObject = 454A2F9025C5B52300DB555B /* Project object */;
}
